
Microsoft Visual Studio Solution File, Format Version 12.00
# Visual Studio Version 17
VisualStudioVersion = 17.12.35527.113 d17.12
MinimumVisualStudioVersion = 10.0.40219.1
Project("{FAE04EC0-301F-11D3-BF4B-00C04F79EFBC}") = "E_Commerce.Web", "E_Commerce.Web\E_Commerce.Web.csproj", "{EE3AE9DC-F284-436C-AB22-71C12B997AB0}"
EndProject
Project("{2150E333-8FDC-42A3-9474-1A3956D46DE8}") = "Core", "Core", "{35681913-80C3-4B58-8834-0DC8F2769CF6}"
EndProject
Project("{FAE04EC0-301F-11D3-BF4B-00C04F79EFBC}") = "DomainLayer", "Core\DomainLayer\DomainLayer.csproj", "{61AD1F59-8A2D-4BF4-8D4D-4D75855ED88B}"
EndProject
Project("{FAE04EC0-301F-11D3-BF4B-00C04F79EFBC}") = "Service", "Core\ServiceImplementation\Service.csproj", "{105676D7-5CDD-45AD-A31E-48E5A6A58125}"
EndProject
Project("{FAE04EC0-301F-11D3-BF4B-00C04F79EFBC}") = "ServiceAbstraction", "Core\ServiceAbstraction\ServiceAbstraction.csproj", "{686037BA-6CC9-4166-A4E4-27431E4A2970}"
EndProject
Project("{2150E333-8FDC-42A3-9474-1A3956D46DE8}") = "InFrastructure", "InFrastructure", "{7B3970DE-6D94-4B72-B00E-0255ABA3D755}"
EndProject
Project("{FAE04EC0-301F-11D3-BF4B-00C04F79EFBC}") = "Presistance", "InFrastrucure\Presistance\Presistance.csproj", "{EFAADDC1-DE52-4F71-8888-5B7CF4D43FF3}"
EndProject
Project("{FAE04EC0-301F-11D3-BF4B-00C04F79EFBC}") = "Presenation", "InFrastructre\Presenation\Presenation.csproj", "{E33C9DD8-AD18-4EB8-8C1C-C574E94F16D1}"
EndProject
Project("{FAE04EC0-301F-11D3-BF4B-00C04F79EFBC}") = "Shared", "Shared\Shared.csproj", "{C3B72600-05A5-423C-8EFC-F6AD3C50CDFC}"
EndProject
Global
	GlobalSection(SolutionConfigurationPlatforms) = preSolution
		Debug|Any CPU = Debug|Any CPU
		Release|Any CPU = Release|Any CPU
	EndGlobalSection
	GlobalSection(ProjectConfigurationPlatforms) = postSolution
		{EE3AE9DC-F284-436C-AB22-71C12B997AB0}.Debug|Any CPU.ActiveCfg = Debug|Any CPU
		{EE3AE9DC-F284-436C-AB22-71C12B997AB0}.Debug|Any CPU.Build.0 = Debug|Any CPU
		{EE3AE9DC-F284-436C-AB22-71C12B997AB0}.Release|Any CPU.ActiveCfg = Release|Any CPU
		{EE3AE9DC-F284-436C-AB22-71C12B997AB0}.Release|Any CPU.Build.0 = Release|Any CPU
		{61AD1F59-8A2D-4BF4-8D4D-4D75855ED88B}.Debug|Any CPU.ActiveCfg = Debug|Any CPU
		{61AD1F59-8A2D-4BF4-8D4D-4D75855ED88B}.Debug|Any CPU.Build.0 = Debug|Any CPU
		{61AD1F59-8A2D-4BF4-8D4D-4D75855ED88B}.Release|Any CPU.ActiveCfg = Release|Any CPU
		{61AD1F59-8A2D-4BF4-8D4D-4D75855ED88B}.Release|Any CPU.Build.0 = Release|Any CPU
		{105676D7-5CDD-45AD-A31E-48E5A6A58125}.Debug|Any CPU.ActiveCfg = Debug|Any CPU
		{105676D7-5CDD-45AD-A31E-48E5A6A58125}.Debug|Any CPU.Build.0 = Debug|Any CPU
		{105676D7-5CDD-45AD-A31E-48E5A6A58125}.Release|Any CPU.ActiveCfg = Release|Any CPU
		{105676D7-5CDD-45AD-A31E-48E5A6A58125}.Release|Any CPU.Build.0 = Release|Any CPU
		{686037BA-6CC9-4166-A4E4-27431E4A2970}.Debug|Any CPU.ActiveCfg = Debug|Any CPU
		{686037BA-6CC9-4166-A4E4-27431E4A2970}.Debug|Any CPU.Build.0 = Debug|Any CPU
		{686037BA-6CC9-4166-A4E4-27431E4A2970}.Release|Any CPU.ActiveCfg = Release|Any CPU
		{686037BA-6CC9-4166-A4E4-27431E4A2970}.Release|Any CPU.Build.0 = Release|Any CPU
		{EFAADDC1-DE52-4F71-8888-5B7CF4D43FF3}.Debug|Any CPU.ActiveCfg = Debug|Any CPU
		{EFAADDC1-DE52-4F71-8888-5B7CF4D43FF3}.Debug|Any CPU.Build.0 = Debug|Any CPU
		{EFAADDC1-DE52-4F71-8888-5B7CF4D43FF3}.Release|Any CPU.ActiveCfg = Release|Any CPU
		{EFAADDC1-DE52-4F71-8888-5B7CF4D43FF3}.Release|Any CPU.Build.0 = Release|Any CPU
		{E33C9DD8-AD18-4EB8-8C1C-C574E94F16D1}.Debug|Any CPU.ActiveCfg = Debug|Any CPU
		{E33C9DD8-AD18-4EB8-8C1C-C574E94F16D1}.Debug|Any CPU.Build.0 = Debug|Any CPU
		{E33C9DD8-AD18-4EB8-8C1C-C574E94F16D1}.Release|Any CPU.ActiveCfg = Release|Any CPU
		{E33C9DD8-AD18-4EB8-8C1C-C574E94F16D1}.Release|Any CPU.Build.0 = Release|Any CPU
		{C3B72600-05A5-423C-8EFC-F6AD3C50CDFC}.Debug|Any CPU.ActiveCfg = Debug|Any CPU
		{C3B72600-05A5-423C-8EFC-F6AD3C50CDFC}.Debug|Any CPU.Build.0 = Debug|Any CPU
		{C3B72600-05A5-423C-8EFC-F6AD3C50CDFC}.Release|Any CPU.ActiveCfg = Release|Any CPU
		{C3B72600-05A5-423C-8EFC-F6AD3C50CDFC}.Release|Any CPU.Build.0 = Release|Any CPU
	EndGlobalSection
	GlobalSection(SolutionProperties) = preSolution
		HideSolutionNode = FALSE
	EndGlobalSection
	GlobalSection(NestedProjects) = preSolution
		{61AD1F59-8A2D-4BF4-8D4D-4D75855ED88B} = {35681913-80C3-4B58-8834-0DC8F2769CF6}
		{105676D7-5CDD-45AD-A31E-48E5A6A58125} = {35681913-80C3-4B58-8834-0DC8F2769CF6}
		{686037BA-6CC9-4166-A4E4-27431E4A2970} = {35681913-80C3-4B58-8834-0DC8F2769CF6}
		{EFAADDC1-DE52-4F71-8888-5B7CF4D43FF3} = {7B3970DE-6D94-4B72-B00E-0255ABA3D755}
		{E33C9DD8-AD18-4EB8-8C1C-C574E94F16D1} = {7B3970DE-6D94-4B72-B00E-0255ABA3D755}
	EndGlobalSection
EndGlobal
